
Microsoft Visual Studio Solution File, Format Version 12.00
# Visual Studio Version 17
VisualStudioVersion = 17.9.34622.214
MinimumVisualStudioVersion = 10.0.40219.1
Project("{2150E333-8FDC-42A3-9474-1A3956D46DE8}") = "ex01", "ex01", "{829F132B-7819-4E0A-8528-811BD18A1C04}"
EndProject
Project("{9A19103F-16F7-4668-BE54-9A1E7A4F7556}") = "ex01.ConsoleApp", "VolumeConsoleApp\ex01.ConsoleApp.csproj", "{C47520B4-F876-4B1E-B8CB-7BB42FCAAEEF}"
EndProject
Project("{2150E333-8FDC-42A3-9474-1A3956D46DE8}") = "ex02", "ex02", "{42499EED-5408-4480-BE2E-B23677219283}"
EndProject
Project("{9A19103F-16F7-4668-BE54-9A1E7A4F7556}") = "ex02.ConsoleApp", "Temperatura.ConsoleApp\ex02.ConsoleApp.csproj", "{A18FAEB2-4B5E-45D3-AC8F-EA99E8DEAD5B}"
EndProject
Project("{2150E333-8FDC-42A3-9474-1A3956D46DE8}") = "ex03", "ex03", "{6D4ACFAB-B0EA-48A7-9821-42B85F488135}"
EndProject
Project("{9A19103F-16F7-4668-BE54-9A1E7A4F7556}") = "ex03.ConsoleApp", "VolumeCilindro.ConsoleApp\ex03.ConsoleApp.csproj", "{7C8D0EEB-861E-4879-95A1-5FD57054E8F8}"
EndProject
Project("{2150E333-8FDC-42A3-9474-1A3956D46DE8}") = "ex04", "ex04", "{DDBBB88D-A794-4B6A-8864-760C9DEA9752}"
EndProject
Project("{9A19103F-16F7-4668-BE54-9A1E7A4F7556}") = "ex04.ConsoleApp", "ConsumoCombustivel.ConsoleApp\ex04.ConsoleApp.csproj", "{4378034F-9146-48EE-8D10-C265C9892D2A}"
EndProject
Project("{2150E333-8FDC-42A3-9474-1A3956D46DE8}") = "ex05", "ex05", "{4F7CEEA5-9D28-4321-844B-A9491B1594FA}"
EndProject
Project("{9A19103F-16F7-4668-BE54-9A1E7A4F7556}") = "ex05.ConsoleApp1", "VolumeEsfera.ConsoleApp1\ex05.ConsoleApp1.csproj", "{8BFDA906-91A4-407B-9A9A-373B76F43554}"
EndProject
Project("{2150E333-8FDC-42A3-9474-1A3956D46DE8}") = "ex06", "ex06", "{8522CAC8-FEDC-4381-B50B-D0960A5627DD}"
EndProject
Project("{9A19103F-16F7-4668-BE54-9A1E7A4F7556}") = "ex06.ConsoleApp", "Temperatura2.ConsoleApp\ex06.ConsoleApp.csproj", "{CD162D98-C665-4A68-BA97-76443DA155C2}"
EndProject
Project("{2150E333-8FDC-42A3-9474-1A3956D46DE8}") = "ex07", "ex07", "{5726716B-DE57-461E-8563-1DA3B55B6FB2}"
EndProject
Project("{9A19103F-16F7-4668-BE54-9A1E7A4F7556}") = "ex07.ConsoleApp", "SalarioVendedor.ConsoleApp\ex07.ConsoleApp.csproj", "{8D509A57-1BD4-4BB1-A33A-101974055C85}"
EndProject
Project("{2150E333-8FDC-42A3-9474-1A3956D46DE8}") = "ex09", "ex09", "{26113A82-2296-4A6D-8AC3-1737C1714D9B}"
EndProject
Project("{9A19103F-16F7-4668-BE54-9A1E7A4F7556}") = "ex09.ConsoleApp1", "ex09.ConsoleApp1\ex09.ConsoleApp1.csproj", "{4C5496DE-0CDB-41F1-AA5B-7BC9EA4CCCB5}"
EndProject
Project("{2150E333-8FDC-42A3-9474-1A3956D46DE8}") = "ex10", "ex10", "{7ED6A996-C81C-4A13-8201-4AB97F529F41}"
EndProject
Project("{9A19103F-16F7-4668-BE54-9A1E7A4F7556}") = "ex10.ConsoleApp1", "ex10.ConsoleApp1\ex10.ConsoleApp1.csproj", "{4D6631CF-3464-4B0B-BA34-AE287D360772}"
EndProject
Project("{2150E333-8FDC-42A3-9474-1A3956D46DE8}") = "ex12", "ex12", "{A983BA15-98A6-44FC-8D2F-5D9C9A9E3B36}"
EndProject
Project("{9A19103F-16F7-4668-BE54-9A1E7A4F7556}") = "ex12.ConsoleApp1", "ex12.ConsoleApp1\ex12.ConsoleApp1.csproj", "{ED087A3B-87F9-4275-83E8-FB17A8CA6A60}"
EndProject
Project("{2150E333-8FDC-42A3-9474-1A3956D46DE8}") = "ex13", "ex13", "{28E399C7-8803-4B68-998F-B1F6AB9E4818}"
EndProject
Project("{FAE04EC0-301F-11D3-BF4B-00C04F79EFBC}") = "ex13.ConsoleApp", "ex13.ConsoleApp\ex13.ConsoleApp.csproj", "{71808537-9009-4F66-87D7-B88FF81C559F}"
EndProject
Global
	GlobalSection(SolutionConfigurationPlatforms) = preSolution
		Debug|Any CPU = Debug|Any CPU
		Release|Any CPU = Release|Any CPU
	EndGlobalSection
	GlobalSection(ProjectConfigurationPlatforms) = postSolution
		{C47520B4-F876-4B1E-B8CB-7BB42FCAAEEF}.Debug|Any CPU.ActiveCfg = Debug|Any CPU
		{C47520B4-F876-4B1E-B8CB-7BB42FCAAEEF}.Debug|Any CPU.Build.0 = Debug|Any CPU
		{C47520B4-F876-4B1E-B8CB-7BB42FCAAEEF}.Release|Any CPU.ActiveCfg = Release|Any CPU
		{C47520B4-F876-4B1E-B8CB-7BB42FCAAEEF}.Release|Any CPU.Build.0 = Release|Any CPU
		{A18FAEB2-4B5E-45D3-AC8F-EA99E8DEAD5B}.Debug|Any CPU.ActiveCfg = Debug|Any CPU
		{A18FAEB2-4B5E-45D3-AC8F-EA99E8DEAD5B}.Debug|Any CPU.Build.0 = Debug|Any CPU
		{A18FAEB2-4B5E-45D3-AC8F-EA99E8DEAD5B}.Release|Any CPU.ActiveCfg = Release|Any CPU
		{A18FAEB2-4B5E-45D3-AC8F-EA99E8DEAD5B}.Release|Any CPU.Build.0 = Release|Any CPU
		{7C8D0EEB-861E-4879-95A1-5FD57054E8F8}.Debug|Any CPU.ActiveCfg = Debug|Any CPU
		{7C8D0EEB-861E-4879-95A1-5FD57054E8F8}.Debug|Any CPU.Build.0 = Debug|Any CPU
		{7C8D0EEB-861E-4879-95A1-5FD57054E8F8}.Release|Any CPU.ActiveCfg = Release|Any CPU
		{7C8D0EEB-861E-4879-95A1-5FD57054E8F8}.Release|Any CPU.Build.0 = Release|Any CPU
		{4378034F-9146-48EE-8D10-C265C9892D2A}.Debug|Any CPU.ActiveCfg = Debug|Any CPU
		{4378034F-9146-48EE-8D10-C265C9892D2A}.Debug|Any CPU.Build.0 = Debug|Any CPU
		{4378034F-9146-48EE-8D10-C265C9892D2A}.Release|Any CPU.ActiveCfg = Release|Any CPU
		{4378034F-9146-48EE-8D10-C265C9892D2A}.Release|Any CPU.Build.0 = Release|Any CPU
		{8BFDA906-91A4-407B-9A9A-373B76F43554}.Debug|Any CPU.ActiveCfg = Debug|Any CPU
		{8BFDA906-91A4-407B-9A9A-373B76F43554}.Debug|Any CPU.Build.0 = Debug|Any CPU
		{8BFDA906-91A4-407B-9A9A-373B76F43554}.Release|Any CPU.ActiveCfg = Release|Any CPU
		{8BFDA906-91A4-407B-9A9A-373B76F43554}.Release|Any CPU.Build.0 = Release|Any CPU
		{CD162D98-C665-4A68-BA97-76443DA155C2}.Debug|Any CPU.ActiveCfg = Debug|Any CPU
		{CD162D98-C665-4A68-BA97-76443DA155C2}.Debug|Any CPU.Build.0 = Debug|Any CPU
		{CD162D98-C665-4A68-BA97-76443DA155C2}.Release|Any CPU.ActiveCfg = Release|Any CPU
		{CD162D98-C665-4A68-BA97-76443DA155C2}.Release|Any CPU.Build.0 = Release|Any CPU
		{8D509A57-1BD4-4BB1-A33A-101974055C85}.Debug|Any CPU.ActiveCfg = Debug|Any CPU
		{8D509A57-1BD4-4BB1-A33A-101974055C85}.Debug|Any CPU.Build.0 = Debug|Any CPU
		{8D509A57-1BD4-4BB1-A33A-101974055C85}.Release|Any CPU.ActiveCfg = Release|Any CPU
		{8D509A57-1BD4-4BB1-A33A-101974055C85}.Release|Any CPU.Build.0 = Release|Any CPU
		{4C5496DE-0CDB-41F1-AA5B-7BC9EA4CCCB5}.Debug|Any CPU.ActiveCfg = Debug|Any CPU
		{4C5496DE-0CDB-41F1-AA5B-7BC9EA4CCCB5}.Debug|Any CPU.Build.0 = Debug|Any CPU
		{4C5496DE-0CDB-41F1-AA5B-7BC9EA4CCCB5}.Release|Any CPU.ActiveCfg = Release|Any CPU
		{4C5496DE-0CDB-41F1-AA5B-7BC9EA4CCCB5}.Release|Any CPU.Build.0 = Release|Any CPU
		{4D6631CF-3464-4B0B-BA34-AE287D360772}.Debug|Any CPU.ActiveCfg = Debug|Any CPU
		{4D6631CF-3464-4B0B-BA34-AE287D360772}.Debug|Any CPU.Build.0 = Debug|Any CPU
		{4D6631CF-3464-4B0B-BA34-AE287D360772}.Release|Any CPU.ActiveCfg = Release|Any CPU
		{4D6631CF-3464-4B0B-BA34-AE287D360772}.Release|Any CPU.Build.0 = Release|Any CPU
		{ED087A3B-87F9-4275-83E8-FB17A8CA6A60}.Debug|Any CPU.ActiveCfg = Debug|Any CPU
		{ED087A3B-87F9-4275-83E8-FB17A8CA6A60}.Debug|Any CPU.Build.0 = Debug|Any CPU
		{ED087A3B-87F9-4275-83E8-FB17A8CA6A60}.Release|Any CPU.ActiveCfg = Release|Any CPU
		{ED087A3B-87F9-4275-83E8-FB17A8CA6A60}.Release|Any CPU.Build.0 = Release|Any CPU
		{71808537-9009-4F66-87D7-B88FF81C559F}.Debug|Any CPU.ActiveCfg = Debug|Any CPU
		{71808537-9009-4F66-87D7-B88FF81C559F}.Debug|Any CPU.Build.0 = Debug|Any CPU
		{71808537-9009-4F66-87D7-B88FF81C559F}.Release|Any CPU.ActiveCfg = Release|Any CPU
		{71808537-9009-4F66-87D7-B88FF81C559F}.Release|Any CPU.Build.0 = Release|Any CPU
	EndGlobalSection
	GlobalSection(SolutionProperties) = preSolution
		HideSolutionNode = FALSE
	EndGlobalSection
	GlobalSection(NestedProjects) = preSolution
		{C47520B4-F876-4B1E-B8CB-7BB42FCAAEEF} = {829F132B-7819-4E0A-8528-811BD18A1C04}
		{A18FAEB2-4B5E-45D3-AC8F-EA99E8DEAD5B} = {42499EED-5408-4480-BE2E-B23677219283}
		{7C8D0EEB-861E-4879-95A1-5FD57054E8F8} = {6D4ACFAB-B0EA-48A7-9821-42B85F488135}
		{4378034F-9146-48EE-8D10-C265C9892D2A} = {DDBBB88D-A794-4B6A-8864-760C9DEA9752}
		{8BFDA906-91A4-407B-9A9A-373B76F43554} = {4F7CEEA5-9D28-4321-844B-A9491B1594FA}
		{CD162D98-C665-4A68-BA97-76443DA155C2} = {8522CAC8-FEDC-4381-B50B-D0960A5627DD}
		{8D509A57-1BD4-4BB1-A33A-101974055C85} = {5726716B-DE57-461E-8563-1DA3B55B6FB2}
		{4C5496DE-0CDB-41F1-AA5B-7BC9EA4CCCB5} = {26113A82-2296-4A6D-8AC3-1737C1714D9B}
		{4D6631CF-3464-4B0B-BA34-AE287D360772} = {7ED6A996-C81C-4A13-8201-4AB97F529F41}
		{ED087A3B-87F9-4275-83E8-FB17A8CA6A60} = {A983BA15-98A6-44FC-8D2F-5D9C9A9E3B36}
		{71808537-9009-4F66-87D7-B88FF81C559F} = {28E399C7-8803-4B68-998F-B1F6AB9E4818}
	EndGlobalSection
	GlobalSection(ExtensibilityGlobals) = postSolution
		SolutionGuid = {DC284263-2378-4E09-AA3F-36DAE2BE87D7}
	EndGlobalSection
EndGlobal
