
Microsoft Visual Studio Solution File, Format Version 12.00
# Visual Studio Version 17
VisualStudioVersion = 17.9.34622.214
MinimumVisualStudioVersion = 10.0.40219.1
Project("{2150E333-8FDC-42A3-9474-1A3956D46DE8}") = "ex01", "ex01", "{829F132B-7819-4E0A-8528-811BD18A1C04}"
EndProject
Project("{2150E333-8FDC-42A3-9474-1A3956D46DE8}") = "ex02", "ex02", "{42499EED-5408-4480-BE2E-B23677219283}"
EndProject
Project("{2150E333-8FDC-42A3-9474-1A3956D46DE8}") = "ex03", "ex03", "{6D4ACFAB-B0EA-48A7-9821-42B85F488135}"
EndProject
Project("{2150E333-8FDC-42A3-9474-1A3956D46DE8}") = "ex04", "ex04", "{DDBBB88D-A794-4B6A-8864-760C9DEA9752}"
EndProject
Project("{2150E333-8FDC-42A3-9474-1A3956D46DE8}") = "ex05", "ex05", "{4F7CEEA5-9D28-4321-844B-A9491B1594FA}"
EndProject
Project("{2150E333-8FDC-42A3-9474-1A3956D46DE8}") = "ex06", "ex06", "{8522CAC8-FEDC-4381-B50B-D0960A5627DD}"
EndProject
Project("{2150E333-8FDC-42A3-9474-1A3956D46DE8}") = "ex07", "ex07", "{5726716B-DE57-461E-8563-1DA3B55B6FB2}"
EndProject
Project("{2150E333-8FDC-42A3-9474-1A3956D46DE8}") = "ex09", "ex09", "{26113A82-2296-4A6D-8AC3-1737C1714D9B}"
EndProject
Project("{2150E333-8FDC-42A3-9474-1A3956D46DE8}") = "ex10", "ex10", "{7ED6A996-C81C-4A13-8201-4AB97F529F41}"
EndProject
Project("{2150E333-8FDC-42A3-9474-1A3956D46DE8}") = "ex12", "ex12", "{A983BA15-98A6-44FC-8D2F-5D9C9A9E3B36}"
EndProject
Project("{2150E333-8FDC-42A3-9474-1A3956D46DE8}") = "ex13", "ex13", "{28E399C7-8803-4B68-998F-B1F6AB9E4818}"
EndProject
Project("{9A19103F-16F7-4668-BE54-9A1E7A4F7556}") = "ex13.ConsoleApp", "ex13.ConsoleApp\ex13.ConsoleApp.csproj", "{71808537-9009-4F66-87D7-B88FF81C559F}"
EndProject
Project("{2150E333-8FDC-42A3-9474-1A3956D46DE8}") = "ex14", "ex14", "{C07885BB-D1B5-47F7-ABCC-2F76361C1794}"
EndProject
Project("{9A19103F-16F7-4668-BE54-9A1E7A4F7556}") = "ex14.ConsoleApp", "ex14.ConsoleApp\ex14.ConsoleApp.csproj", "{2402C2E6-82C2-4328-B900-19AA52B2A2F2}"
EndProject
Project("{2150E333-8FDC-42A3-9474-1A3956D46DE8}") = "ex16", "ex16", "{1F513E46-D5B0-4C47-8C3D-E027924BFA81}"
EndProject
Project("{9A19103F-16F7-4668-BE54-9A1E7A4F7556}") = "ex16.ConsoleApp", "ex16.ConsoleApp\ex16.ConsoleApp.csproj", "{D11612F9-4236-4409-9FE5-19BC79F3C9CB}"
EndProject
Project("{9A19103F-16F7-4668-BE54-9A1E7A4F7556}") = "ex01.ConsoleApp", "ex01.ConsoleApp\ex01.ConsoleApp.csproj", "{19875765-B54D-4370-B52B-216D2EE4C0CE}"
EndProject
Project("{9A19103F-16F7-4668-BE54-9A1E7A4F7556}") = "ex02.ConsoleApp", "ex02.ConsoleApp\ex02.ConsoleApp.csproj", "{779A7F22-7D2A-428A-835D-10CC933597C8}"
EndProject
Project("{9A19103F-16F7-4668-BE54-9A1E7A4F7556}") = "ex03.ConsoleApp", "ex03.ConsoleApp\ex03.ConsoleApp.csproj", "{240DA162-39E6-4C15-A637-D87A5F031C09}"
EndProject
Project("{9A19103F-16F7-4668-BE54-9A1E7A4F7556}") = "ex04.ConsoleApp", "ex04.ConsoleApp\ex04.ConsoleApp.csproj", "{8466463F-AC05-4AA4-AB83-C8D6970F0A4B}"
EndProject
Project("{9A19103F-16F7-4668-BE54-9A1E7A4F7556}") = "ex05.ConsoleApp1", "ex05.ConsoleApp\ex05.ConsoleApp1.csproj", "{557092BB-3283-41E4-8B5E-C476CA7F5D45}"
EndProject
Project("{9A19103F-16F7-4668-BE54-9A1E7A4F7556}") = "ex06.ConsoleApp", "ex06.ConsoleApp\ex06.ConsoleApp.csproj", "{951B3A22-543F-41DB-BE01-C8C416B03E4A}"
EndProject
Project("{9A19103F-16F7-4668-BE54-9A1E7A4F7556}") = "ex07.ConsoleApp", "ex07.ConsoleApp\ex07.ConsoleApp.csproj", "{54D0B984-7DA5-44A1-8B28-64D01511ECAD}"
EndProject
Project("{9A19103F-16F7-4668-BE54-9A1E7A4F7556}") = "ex09.ConsoleApp1", "ex09.ConsoleApp\ex09.ConsoleApp1.csproj", "{8F4EF9EF-1653-4FF5-A419-486FC6AD4E4C}"
EndProject
Project("{9A19103F-16F7-4668-BE54-9A1E7A4F7556}") = "ex10.ConsoleApp1", "ex10.ConsoleApp\ex10.ConsoleApp1.csproj", "{90CCD2BE-40A1-49AB-984F-12A92CF14A54}"
EndProject
Project("{9A19103F-16F7-4668-BE54-9A1E7A4F7556}") = "ex12.ConsoleApp1", "ex12.ConsoleApp\ex12.ConsoleApp1.csproj", "{DD81B6E8-1672-4EBF-B73E-2DCD8D673062}"
EndProject
Project("{2150E333-8FDC-42A3-9474-1A3956D46DE8}") = "ex17", "ex17", "{E326534D-38D4-4B14-8EF3-12FBC308B762}"
EndProject
Project("{FAE04EC0-301F-11D3-BF4B-00C04F79EFBC}") = "ex17.ConsoleApp", "ex17.ConsoleApp\ex17.ConsoleApp.csproj", "{F37CC9F2-0F94-4FCD-B60D-1267E5B29210}"
EndProject
Project("{2150E333-8FDC-42A3-9474-1A3956D46DE8}") = "ex18", "ex18", "{769618BF-982B-46C8-AC61-CE1CAE82F449}"
EndProject
Project("{FAE04EC0-301F-11D3-BF4B-00C04F79EFBC}") = "ex18.ConsoleApp", "ex18.ConsoleApp\ex18.ConsoleApp.csproj", "{D3006F62-1B3D-4291-A18E-0E7DBF923F96}"
EndProject
Project("{2150E333-8FDC-42A3-9474-1A3956D46DE8}") = "ex19", "ex19", "{044B9A52-2035-4983-9AE5-43B79E3CD0B2}"
EndProject
Project("{FAE04EC0-301F-11D3-BF4B-00C04F79EFBC}") = "ex19.ConsoleApp", "ex19.ConsoleApp\ex19.ConsoleApp.csproj", "{5A865822-DE39-42FC-AEDD-6AC656A266EB}"
EndProject
Project("{2150E333-8FDC-42A3-9474-1A3956D46DE8}") = "ex20", "ex20", "{04A1A1CB-505E-412B-842C-905201684721}"
EndProject
Project("{FAE04EC0-301F-11D3-BF4B-00C04F79EFBC}") = "ex20.ConsoleApp", "ex20.ConsoleApp\ex20.ConsoleApp.csproj", "{2EBB6750-E8B9-4B52-873B-408DA4416F69}"
EndProject
Project("{2150E333-8FDC-42A3-9474-1A3956D46DE8}") = "ex21", "ex21", "{599F5C07-50D1-4459-B550-C083123DDBAF}"
EndProject
Project("{FAE04EC0-301F-11D3-BF4B-00C04F79EFBC}") = "ex21.ConsoleApp", "ex21.ConsoleApp\ex21.ConsoleApp.csproj", "{9F22D648-5B9C-4AB1-8FF6-9C828D962E65}"
EndProject
Global
	GlobalSection(SolutionConfigurationPlatforms) = preSolution
		Debug|Any CPU = Debug|Any CPU
		Release|Any CPU = Release|Any CPU
	EndGlobalSection
	GlobalSection(ProjectConfigurationPlatforms) = postSolution
		{71808537-9009-4F66-87D7-B88FF81C559F}.Debug|Any CPU.ActiveCfg = Debug|Any CPU
		{71808537-9009-4F66-87D7-B88FF81C559F}.Debug|Any CPU.Build.0 = Debug|Any CPU
		{71808537-9009-4F66-87D7-B88FF81C559F}.Release|Any CPU.ActiveCfg = Release|Any CPU
		{71808537-9009-4F66-87D7-B88FF81C559F}.Release|Any CPU.Build.0 = Release|Any CPU
		{2402C2E6-82C2-4328-B900-19AA52B2A2F2}.Debug|Any CPU.ActiveCfg = Debug|Any CPU
		{2402C2E6-82C2-4328-B900-19AA52B2A2F2}.Debug|Any CPU.Build.0 = Debug|Any CPU
		{2402C2E6-82C2-4328-B900-19AA52B2A2F2}.Release|Any CPU.ActiveCfg = Release|Any CPU
		{2402C2E6-82C2-4328-B900-19AA52B2A2F2}.Release|Any CPU.Build.0 = Release|Any CPU
		{D11612F9-4236-4409-9FE5-19BC79F3C9CB}.Debug|Any CPU.ActiveCfg = Debug|Any CPU
		{D11612F9-4236-4409-9FE5-19BC79F3C9CB}.Debug|Any CPU.Build.0 = Debug|Any CPU
		{D11612F9-4236-4409-9FE5-19BC79F3C9CB}.Release|Any CPU.ActiveCfg = Release|Any CPU
		{D11612F9-4236-4409-9FE5-19BC79F3C9CB}.Release|Any CPU.Build.0 = Release|Any CPU
		{19875765-B54D-4370-B52B-216D2EE4C0CE}.Debug|Any CPU.ActiveCfg = Debug|Any CPU
		{19875765-B54D-4370-B52B-216D2EE4C0CE}.Debug|Any CPU.Build.0 = Debug|Any CPU
		{19875765-B54D-4370-B52B-216D2EE4C0CE}.Release|Any CPU.ActiveCfg = Release|Any CPU
		{19875765-B54D-4370-B52B-216D2EE4C0CE}.Release|Any CPU.Build.0 = Release|Any CPU
		{779A7F22-7D2A-428A-835D-10CC933597C8}.Debug|Any CPU.ActiveCfg = Debug|Any CPU
		{779A7F22-7D2A-428A-835D-10CC933597C8}.Debug|Any CPU.Build.0 = Debug|Any CPU
		{779A7F22-7D2A-428A-835D-10CC933597C8}.Release|Any CPU.ActiveCfg = Release|Any CPU
		{779A7F22-7D2A-428A-835D-10CC933597C8}.Release|Any CPU.Build.0 = Release|Any CPU
		{240DA162-39E6-4C15-A637-D87A5F031C09}.Debug|Any CPU.ActiveCfg = Debug|Any CPU
		{240DA162-39E6-4C15-A637-D87A5F031C09}.Debug|Any CPU.Build.0 = Debug|Any CPU
		{240DA162-39E6-4C15-A637-D87A5F031C09}.Release|Any CPU.ActiveCfg = Release|Any CPU
		{240DA162-39E6-4C15-A637-D87A5F031C09}.Release|Any CPU.Build.0 = Release|Any CPU
		{8466463F-AC05-4AA4-AB83-C8D6970F0A4B}.Debug|Any CPU.ActiveCfg = Debug|Any CPU
		{8466463F-AC05-4AA4-AB83-C8D6970F0A4B}.Debug|Any CPU.Build.0 = Debug|Any CPU
		{8466463F-AC05-4AA4-AB83-C8D6970F0A4B}.Release|Any CPU.ActiveCfg = Release|Any CPU
		{8466463F-AC05-4AA4-AB83-C8D6970F0A4B}.Release|Any CPU.Build.0 = Release|Any CPU
		{557092BB-3283-41E4-8B5E-C476CA7F5D45}.Debug|Any CPU.ActiveCfg = Debug|Any CPU
		{557092BB-3283-41E4-8B5E-C476CA7F5D45}.Debug|Any CPU.Build.0 = Debug|Any CPU
		{557092BB-3283-41E4-8B5E-C476CA7F5D45}.Release|Any CPU.ActiveCfg = Release|Any CPU
		{557092BB-3283-41E4-8B5E-C476CA7F5D45}.Release|Any CPU.Build.0 = Release|Any CPU
		{951B3A22-543F-41DB-BE01-C8C416B03E4A}.Debug|Any CPU.ActiveCfg = Debug|Any CPU
		{951B3A22-543F-41DB-BE01-C8C416B03E4A}.Debug|Any CPU.Build.0 = Debug|Any CPU
		{951B3A22-543F-41DB-BE01-C8C416B03E4A}.Release|Any CPU.ActiveCfg = Release|Any CPU
		{951B3A22-543F-41DB-BE01-C8C416B03E4A}.Release|Any CPU.Build.0 = Release|Any CPU
		{54D0B984-7DA5-44A1-8B28-64D01511ECAD}.Debug|Any CPU.ActiveCfg = Debug|Any CPU
		{54D0B984-7DA5-44A1-8B28-64D01511ECAD}.Debug|Any CPU.Build.0 = Debug|Any CPU
		{54D0B984-7DA5-44A1-8B28-64D01511ECAD}.Release|Any CPU.ActiveCfg = Release|Any CPU
		{54D0B984-7DA5-44A1-8B28-64D01511ECAD}.Release|Any CPU.Build.0 = Release|Any CPU
		{8F4EF9EF-1653-4FF5-A419-486FC6AD4E4C}.Debug|Any CPU.ActiveCfg = Debug|Any CPU
		{8F4EF9EF-1653-4FF5-A419-486FC6AD4E4C}.Debug|Any CPU.Build.0 = Debug|Any CPU
		{8F4EF9EF-1653-4FF5-A419-486FC6AD4E4C}.Release|Any CPU.ActiveCfg = Release|Any CPU
		{8F4EF9EF-1653-4FF5-A419-486FC6AD4E4C}.Release|Any CPU.Build.0 = Release|Any CPU
		{90CCD2BE-40A1-49AB-984F-12A92CF14A54}.Debug|Any CPU.ActiveCfg = Debug|Any CPU
		{90CCD2BE-40A1-49AB-984F-12A92CF14A54}.Debug|Any CPU.Build.0 = Debug|Any CPU
		{90CCD2BE-40A1-49AB-984F-12A92CF14A54}.Release|Any CPU.ActiveCfg = Release|Any CPU
		{90CCD2BE-40A1-49AB-984F-12A92CF14A54}.Release|Any CPU.Build.0 = Release|Any CPU
		{DD81B6E8-1672-4EBF-B73E-2DCD8D673062}.Debug|Any CPU.ActiveCfg = Debug|Any CPU
		{DD81B6E8-1672-4EBF-B73E-2DCD8D673062}.Debug|Any CPU.Build.0 = Debug|Any CPU
		{DD81B6E8-1672-4EBF-B73E-2DCD8D673062}.Release|Any CPU.ActiveCfg = Release|Any CPU
		{DD81B6E8-1672-4EBF-B73E-2DCD8D673062}.Release|Any CPU.Build.0 = Release|Any CPU
		{F37CC9F2-0F94-4FCD-B60D-1267E5B29210}.Debug|Any CPU.ActiveCfg = Debug|Any CPU
		{F37CC9F2-0F94-4FCD-B60D-1267E5B29210}.Debug|Any CPU.Build.0 = Debug|Any CPU
		{F37CC9F2-0F94-4FCD-B60D-1267E5B29210}.Release|Any CPU.ActiveCfg = Release|Any CPU
		{F37CC9F2-0F94-4FCD-B60D-1267E5B29210}.Release|Any CPU.Build.0 = Release|Any CPU
		{D3006F62-1B3D-4291-A18E-0E7DBF923F96}.Debug|Any CPU.ActiveCfg = Debug|Any CPU
		{D3006F62-1B3D-4291-A18E-0E7DBF923F96}.Debug|Any CPU.Build.0 = Debug|Any CPU
		{D3006F62-1B3D-4291-A18E-0E7DBF923F96}.Release|Any CPU.ActiveCfg = Release|Any CPU
		{D3006F62-1B3D-4291-A18E-0E7DBF923F96}.Release|Any CPU.Build.0 = Release|Any CPU
		{5A865822-DE39-42FC-AEDD-6AC656A266EB}.Debug|Any CPU.ActiveCfg = Debug|Any CPU
		{5A865822-DE39-42FC-AEDD-6AC656A266EB}.Debug|Any CPU.Build.0 = Debug|Any CPU
		{5A865822-DE39-42FC-AEDD-6AC656A266EB}.Release|Any CPU.ActiveCfg = Release|Any CPU
		{5A865822-DE39-42FC-AEDD-6AC656A266EB}.Release|Any CPU.Build.0 = Release|Any CPU
		{2EBB6750-E8B9-4B52-873B-408DA4416F69}.Debug|Any CPU.ActiveCfg = Debug|Any CPU
		{2EBB6750-E8B9-4B52-873B-408DA4416F69}.Debug|Any CPU.Build.0 = Debug|Any CPU
		{2EBB6750-E8B9-4B52-873B-408DA4416F69}.Release|Any CPU.ActiveCfg = Release|Any CPU
		{2EBB6750-E8B9-4B52-873B-408DA4416F69}.Release|Any CPU.Build.0 = Release|Any CPU
		{9F22D648-5B9C-4AB1-8FF6-9C828D962E65}.Debug|Any CPU.ActiveCfg = Debug|Any CPU
		{9F22D648-5B9C-4AB1-8FF6-9C828D962E65}.Debug|Any CPU.Build.0 = Debug|Any CPU
		{9F22D648-5B9C-4AB1-8FF6-9C828D962E65}.Release|Any CPU.ActiveCfg = Release|Any CPU
		{9F22D648-5B9C-4AB1-8FF6-9C828D962E65}.Release|Any CPU.Build.0 = Release|Any CPU
	EndGlobalSection
	GlobalSection(SolutionProperties) = preSolution
		HideSolutionNode = FALSE
	EndGlobalSection
	GlobalSection(NestedProjects) = preSolution
		{71808537-9009-4F66-87D7-B88FF81C559F} = {28E399C7-8803-4B68-998F-B1F6AB9E4818}
		{2402C2E6-82C2-4328-B900-19AA52B2A2F2} = {C07885BB-D1B5-47F7-ABCC-2F76361C1794}
		{D11612F9-4236-4409-9FE5-19BC79F3C9CB} = {1F513E46-D5B0-4C47-8C3D-E027924BFA81}
		{19875765-B54D-4370-B52B-216D2EE4C0CE} = {829F132B-7819-4E0A-8528-811BD18A1C04}
		{779A7F22-7D2A-428A-835D-10CC933597C8} = {42499EED-5408-4480-BE2E-B23677219283}
		{240DA162-39E6-4C15-A637-D87A5F031C09} = {6D4ACFAB-B0EA-48A7-9821-42B85F488135}
		{8466463F-AC05-4AA4-AB83-C8D6970F0A4B} = {DDBBB88D-A794-4B6A-8864-760C9DEA9752}
		{557092BB-3283-41E4-8B5E-C476CA7F5D45} = {4F7CEEA5-9D28-4321-844B-A9491B1594FA}
		{951B3A22-543F-41DB-BE01-C8C416B03E4A} = {8522CAC8-FEDC-4381-B50B-D0960A5627DD}
		{54D0B984-7DA5-44A1-8B28-64D01511ECAD} = {5726716B-DE57-461E-8563-1DA3B55B6FB2}
		{8F4EF9EF-1653-4FF5-A419-486FC6AD4E4C} = {26113A82-2296-4A6D-8AC3-1737C1714D9B}
		{90CCD2BE-40A1-49AB-984F-12A92CF14A54} = {7ED6A996-C81C-4A13-8201-4AB97F529F41}
		{DD81B6E8-1672-4EBF-B73E-2DCD8D673062} = {A983BA15-98A6-44FC-8D2F-5D9C9A9E3B36}
		{F37CC9F2-0F94-4FCD-B60D-1267E5B29210} = {E326534D-38D4-4B14-8EF3-12FBC308B762}
		{D3006F62-1B3D-4291-A18E-0E7DBF923F96} = {769618BF-982B-46C8-AC61-CE1CAE82F449}
		{5A865822-DE39-42FC-AEDD-6AC656A266EB} = {044B9A52-2035-4983-9AE5-43B79E3CD0B2}
		{2EBB6750-E8B9-4B52-873B-408DA4416F69} = {04A1A1CB-505E-412B-842C-905201684721}
		{9F22D648-5B9C-4AB1-8FF6-9C828D962E65} = {599F5C07-50D1-4459-B550-C083123DDBAF}
	EndGlobalSection
	GlobalSection(ExtensibilityGlobals) = postSolution
		SolutionGuid = {DC284263-2378-4E09-AA3F-36DAE2BE87D7}
	EndGlobalSection
EndGlobal
